
Microsoft Visual Studio Solution File, Format Version 12.00
# Visual Studio 15
VisualStudioVersion = 15.0.28307.1000
MinimumVisualStudioVersion = 10.0.40219.1
Project("{FAE04EC0-301F-11D3-BF4B-00C04F79EFBC}") = "NHibernateCore", "NHibernateCore\NHibernateCore.csproj", "{76A06C52-A7AA-44C6-8F4E-1355D2030B10}"
EndProject
Global
	GlobalSection(SolutionConfigurationPlatforms) = preSolution
		Debug|Any CPU = Debug|Any CPU
		Release|Any CPU = Release|Any CPU
	EndGlobalSection
	GlobalSection(ProjectConfigurationPlatforms) = postSolution
		{76A06C52-A7AA-44C6-8F4E-1355D2030B10}.Debug|Any CPU.ActiveCfg = Debug|Any CPU
		{76A06C52-A7AA-44C6-8F4E-1355D2030B10}.Debug|Any CPU.Build.0 = Debug|Any CPU
		{76A06C52-A7AA-44C6-8F4E-1355D2030B10}.Release|Any CPU.ActiveCfg = Release|Any CPU
		{76A06C52-A7AA-44C6-8F4E-1355D2030B10}.Release|Any CPU.Build.0 = Release|Any CPU
	EndGlobalSection
	GlobalSection(SolutionProperties) = preSolution
		HideSolutionNode = FALSE
	EndGlobalSection
	GlobalSection(ExtensibilityGlobals) = postSolution
		SolutionGuid = {229C13BB-E90D-4A1F-B676-D87B09046A2F}
	EndGlobalSection
EndGlobal
